
Microsoft Visual Studio Solution File, Format Version 12.00
# Visual Studio 14
VisualStudioVersion = 14.0.25420.1
MinimumVisualStudioVersion = 10.0.40219.1
Project("{8BC9CEB8-8B4A-11D0-8D11-00A0C91BC942}") = "Roulette", "Roulette\Roulette.vcxproj", "{D4F26145-1657-4D4D-9C83-2E64730D8520}"
EndProject
Project("{F088123C-0E9E-452A-89E6-6BA2F21D5CAC}") = "ModelingProject1", "ModelingProject1\ModelingProject1.modelproj", "{B3AF2F24-4DBB-4187-B00C-85421B2990F9}"
EndProject
Global
	GlobalSection(SolutionConfigurationPlatforms) = preSolution
		Debug|Any CPU = Debug|Any CPU
		Debug|x64 = Debug|x64
		Debug|x86 = Debug|x86
		Release|Any CPU = Release|Any CPU
		Release|x64 = Release|x64
		Release|x86 = Release|x86
	EndGlobalSection
	GlobalSection(ProjectConfigurationPlatforms) = postSolution
		{D4F26145-1657-4D4D-9C83-2E64730D8520}.Debug|Any CPU.ActiveCfg = Debug|Win32
		{D4F26145-1657-4D4D-9C83-2E64730D8520}.Debug|x64.ActiveCfg = Debug|x64
		{D4F26145-1657-4D4D-9C83-2E64730D8520}.Debug|x64.Build.0 = Debug|x64
		{D4F26145-1657-4D4D-9C83-2E64730D8520}.Debug|x86.ActiveCfg = Debug|Win32
		{D4F26145-1657-4D4D-9C83-2E64730D8520}.Debug|x86.Build.0 = Debug|Win32
		{D4F26145-1657-4D4D-9C83-2E64730D8520}.Debug|x86.Deploy.0 = Debug|Win32
		{D4F26145-1657-4D4D-9C83-2E64730D8520}.Release|Any CPU.ActiveCfg = Release|Win32
		{D4F26145-1657-4D4D-9C83-2E64730D8520}.Release|x64.ActiveCfg = Release|x64
		{D4F26145-1657-4D4D-9C83-2E64730D8520}.Release|x64.Build.0 = Release|x64
		{D4F26145-1657-4D4D-9C83-2E64730D8520}.Release|x86.ActiveCfg = Release|Win32
		{D4F26145-1657-4D4D-9C83-2E64730D8520}.Release|x86.Build.0 = Release|Win32
		{D4F26145-1657-4D4D-9C83-2E64730D8520}.Release|x86.Deploy.0 = Release|Win32
		{B3AF2F24-4DBB-4187-B00C-85421B2990F9}.Debug|Any CPU.ActiveCfg = Debug|Any CPU
		{B3AF2F24-4DBB-4187-B00C-85421B2990F9}.Debug|Any CPU.Build.0 = Debug|Any CPU
		{B3AF2F24-4DBB-4187-B00C-85421B2990F9}.Debug|x64.ActiveCfg = Debug|Any CPU
		{B3AF2F24-4DBB-4187-B00C-85421B2990F9}.Debug|x64.Build.0 = Debug|Any CPU
		{B3AF2F24-4DBB-4187-B00C-85421B2990F9}.Debug|x86.ActiveCfg = Debug|Any CPU
		{B3AF2F24-4DBB-4187-B00C-85421B2990F9}.Debug|x86.Build.0 = Debug|Any CPU
		{B3AF2F24-4DBB-4187-B00C-85421B2990F9}.Release|Any CPU.ActiveCfg = Release|Any CPU
		{B3AF2F24-4DBB-4187-B00C-85421B2990F9}.Release|Any CPU.Build.0 = Release|Any CPU
		{B3AF2F24-4DBB-4187-B00C-85421B2990F9}.Release|x64.ActiveCfg = Release|Any CPU
		{B3AF2F24-4DBB-4187-B00C-85421B2990F9}.Release|x64.Build.0 = Release|Any CPU
		{B3AF2F24-4DBB-4187-B00C-85421B2990F9}.Release|x86.ActiveCfg = Release|Any CPU
		{B3AF2F24-4DBB-4187-B00C-85421B2990F9}.Release|x86.Build.0 = Release|Any CPU
	EndGlobalSection
	GlobalSection(SolutionProperties) = preSolution
		HideSolutionNode = FALSE
	EndGlobalSection
EndGlobal
